
Microsoft Visual Studio Solution File, Format Version 12.00
# Visual Studio 14
VisualStudioVersion = 14.0.25420.1
MinimumVisualStudioVersion = 10.0.40219.1
Project("{8BC9CEB8-8B4A-11D0-8D11-00A0C91BC942}") = "COMconsole", "COMconsole\COMconsole.vcxproj", "{C203A340-B5EA-4878-8CF1-929908959E52}"
EndProject
Project("{8BC9CEB8-8B4A-11D0-8D11-00A0C91BC942}") = "DictComp", "DictComp\DictComp.vcxproj", "{5D85D0CE-67FA-45FA-BFF0-9A07D2CAA56A}"
EndProject
Project("{8BC9CEB8-8B4A-11D0-8D11-00A0C91BC942}") = "DBComp", "DBComp\DBComp.vcxproj", "{0E9AC17B-E74E-411B-9134-E71CD1830913}"
EndProject
Project("{8BC9CEB8-8B4A-11D0-8D11-00A0C91BC942}") = "MFCDictComp", "MFCDictComp\MFCDictComp.vcxproj", "{F1E1F814-20FD-4E0F-BD77-5C6819F1F506}"
EndProject
Project("{8BC9CEB8-8B4A-11D0-8D11-00A0C91BC942}") = "MathComp", "MathComp\MathComp.vcxproj", "{DE7F4E95-1E02-40D2-9A7E-8B1DCC8D42DC}"
EndProject
Project("{8BC9CEB8-8B4A-11D0-8D11-00A0C91BC942}") = "PointComp", "PointComp\PointComp.vcxproj", "{89A8F8D4-4916-4D5D-BA3F-CA5035BB4818}"
EndProject
Project("{8BC9CEB8-8B4A-11D0-8D11-00A0C91BC942}") = "MFCSampleExe", "MFCSampleExe\MFCSampleExe.vcxproj", "{2CBA8BE7-DA09-4C08-AE22-32CFEAA1ED81}"
EndProject
Project("{8BC9CEB8-8B4A-11D0-8D11-00A0C91BC942}") = "SplitterWnd", "SplitterWnd\SplitterWnd.vcxproj", "{DDBF608D-2F22-471D-868F-CA385F1D38C7}"
EndProject
Project("{8BC9CEB8-8B4A-11D0-8D11-00A0C91BC942}") = "AutomateExcel", "AutomateExcel\AutomateExcel.vcxproj", "{0C848ADE-4172-45AD-8D2D-F690A3529BC5}"
EndProject
Project("{8BC9CEB8-8B4A-11D0-8D11-00A0C91BC942}") = "Embed_Excel", "Embed_Excel\Embed_Excel.vcxproj", "{BBF4DBFA-EF5C-4693-9254-E3652FB65E10}"
EndProject
Project("{8BC9CEB8-8B4A-11D0-8D11-00A0C91BC942}") = "IEWebBrowser", "IEWebBrowser\IEWebBrowser.vcxproj", "{D949BA74-7ED2-4CCA-820F-AF387B5F9FC3}"
EndProject
Global
	GlobalSection(SolutionConfigurationPlatforms) = preSolution
		Debug|x64 = Debug|x64
		Debug|x86 = Debug|x86
		Release|x64 = Release|x64
		Release|x86 = Release|x86
	EndGlobalSection
	GlobalSection(ProjectConfigurationPlatforms) = postSolution
		{C203A340-B5EA-4878-8CF1-929908959E52}.Debug|x64.ActiveCfg = Debug|x64
		{C203A340-B5EA-4878-8CF1-929908959E52}.Debug|x64.Build.0 = Debug|x64
		{C203A340-B5EA-4878-8CF1-929908959E52}.Debug|x86.ActiveCfg = Debug|Win32
		{C203A340-B5EA-4878-8CF1-929908959E52}.Debug|x86.Build.0 = Debug|Win32
		{C203A340-B5EA-4878-8CF1-929908959E52}.Release|x64.ActiveCfg = Release|x64
		{C203A340-B5EA-4878-8CF1-929908959E52}.Release|x64.Build.0 = Release|x64
		{C203A340-B5EA-4878-8CF1-929908959E52}.Release|x86.ActiveCfg = Release|Win32
		{C203A340-B5EA-4878-8CF1-929908959E52}.Release|x86.Build.0 = Release|Win32
		{5D85D0CE-67FA-45FA-BFF0-9A07D2CAA56A}.Debug|x64.ActiveCfg = Debug|x64
		{5D85D0CE-67FA-45FA-BFF0-9A07D2CAA56A}.Debug|x64.Build.0 = Debug|x64
		{5D85D0CE-67FA-45FA-BFF0-9A07D2CAA56A}.Debug|x86.ActiveCfg = Debug|Win32
		{5D85D0CE-67FA-45FA-BFF0-9A07D2CAA56A}.Debug|x86.Build.0 = Debug|Win32
		{5D85D0CE-67FA-45FA-BFF0-9A07D2CAA56A}.Release|x64.ActiveCfg = Release|x64
		{5D85D0CE-67FA-45FA-BFF0-9A07D2CAA56A}.Release|x64.Build.0 = Release|x64
		{5D85D0CE-67FA-45FA-BFF0-9A07D2CAA56A}.Release|x86.ActiveCfg = Release|Win32
		{5D85D0CE-67FA-45FA-BFF0-9A07D2CAA56A}.Release|x86.Build.0 = Release|Win32
		{0E9AC17B-E74E-411B-9134-E71CD1830913}.Debug|x64.ActiveCfg = Debug|x64
		{0E9AC17B-E74E-411B-9134-E71CD1830913}.Debug|x64.Build.0 = Debug|x64
		{0E9AC17B-E74E-411B-9134-E71CD1830913}.Debug|x86.ActiveCfg = Debug|Win32
		{0E9AC17B-E74E-411B-9134-E71CD1830913}.Debug|x86.Build.0 = Debug|Win32
		{0E9AC17B-E74E-411B-9134-E71CD1830913}.Release|x64.ActiveCfg = Release|x64
		{0E9AC17B-E74E-411B-9134-E71CD1830913}.Release|x64.Build.0 = Release|x64
		{0E9AC17B-E74E-411B-9134-E71CD1830913}.Release|x86.ActiveCfg = Release|Win32
		{0E9AC17B-E74E-411B-9134-E71CD1830913}.Release|x86.Build.0 = Release|Win32
		{F1E1F814-20FD-4E0F-BD77-5C6819F1F506}.Debug|x64.ActiveCfg = Debug|x64
		{F1E1F814-20FD-4E0F-BD77-5C6819F1F506}.Debug|x64.Build.0 = Debug|x64
		{F1E1F814-20FD-4E0F-BD77-5C6819F1F506}.Debug|x86.ActiveCfg = Debug|Win32
		{F1E1F814-20FD-4E0F-BD77-5C6819F1F506}.Debug|x86.Build.0 = Debug|Win32
		{F1E1F814-20FD-4E0F-BD77-5C6819F1F506}.Release|x64.ActiveCfg = Release|x64
		{F1E1F814-20FD-4E0F-BD77-5C6819F1F506}.Release|x64.Build.0 = Release|x64
		{F1E1F814-20FD-4E0F-BD77-5C6819F1F506}.Release|x86.ActiveCfg = Release|Win32
		{F1E1F814-20FD-4E0F-BD77-5C6819F1F506}.Release|x86.Build.0 = Release|Win32
		{DE7F4E95-1E02-40D2-9A7E-8B1DCC8D42DC}.Debug|x64.ActiveCfg = Debug|x64
		{DE7F4E95-1E02-40D2-9A7E-8B1DCC8D42DC}.Debug|x64.Build.0 = Debug|x64
		{DE7F4E95-1E02-40D2-9A7E-8B1DCC8D42DC}.Debug|x86.ActiveCfg = Debug|Win32
		{DE7F4E95-1E02-40D2-9A7E-8B1DCC8D42DC}.Debug|x86.Build.0 = Debug|Win32
		{DE7F4E95-1E02-40D2-9A7E-8B1DCC8D42DC}.Release|x64.ActiveCfg = Release|x64
		{DE7F4E95-1E02-40D2-9A7E-8B1DCC8D42DC}.Release|x64.Build.0 = Release|x64
		{DE7F4E95-1E02-40D2-9A7E-8B1DCC8D42DC}.Release|x86.ActiveCfg = Release|Win32
		{DE7F4E95-1E02-40D2-9A7E-8B1DCC8D42DC}.Release|x86.Build.0 = Release|Win32
		{89A8F8D4-4916-4D5D-BA3F-CA5035BB4818}.Debug|x64.ActiveCfg = Debug|x64
		{89A8F8D4-4916-4D5D-BA3F-CA5035BB4818}.Debug|x64.Build.0 = Debug|x64
		{89A8F8D4-4916-4D5D-BA3F-CA5035BB4818}.Debug|x86.ActiveCfg = Debug|Win32
		{89A8F8D4-4916-4D5D-BA3F-CA5035BB4818}.Debug|x86.Build.0 = Debug|Win32
		{89A8F8D4-4916-4D5D-BA3F-CA5035BB4818}.Release|x64.ActiveCfg = Release|x64
		{89A8F8D4-4916-4D5D-BA3F-CA5035BB4818}.Release|x64.Build.0 = Release|x64
		{89A8F8D4-4916-4D5D-BA3F-CA5035BB4818}.Release|x86.ActiveCfg = Release|Win32
		{89A8F8D4-4916-4D5D-BA3F-CA5035BB4818}.Release|x86.Build.0 = Release|Win32
		{2CBA8BE7-DA09-4C08-AE22-32CFEAA1ED81}.Debug|x64.ActiveCfg = Debug|x64
		{2CBA8BE7-DA09-4C08-AE22-32CFEAA1ED81}.Debug|x64.Build.0 = Debug|x64
		{2CBA8BE7-DA09-4C08-AE22-32CFEAA1ED81}.Debug|x86.ActiveCfg = Debug|Win32
		{2CBA8BE7-DA09-4C08-AE22-32CFEAA1ED81}.Debug|x86.Build.0 = Debug|Win32
		{2CBA8BE7-DA09-4C08-AE22-32CFEAA1ED81}.Release|x64.ActiveCfg = Release|x64
		{2CBA8BE7-DA09-4C08-AE22-32CFEAA1ED81}.Release|x64.Build.0 = Release|x64
		{2CBA8BE7-DA09-4C08-AE22-32CFEAA1ED81}.Release|x86.ActiveCfg = Release|Win32
		{2CBA8BE7-DA09-4C08-AE22-32CFEAA1ED81}.Release|x86.Build.0 = Release|Win32
		{DDBF608D-2F22-471D-868F-CA385F1D38C7}.Debug|x64.ActiveCfg = Debug|x64
		{DDBF608D-2F22-471D-868F-CA385F1D38C7}.Debug|x64.Build.0 = Debug|x64
		{DDBF608D-2F22-471D-868F-CA385F1D38C7}.Debug|x86.ActiveCfg = Debug|Win32
		{DDBF608D-2F22-471D-868F-CA385F1D38C7}.Debug|x86.Build.0 = Debug|Win32
		{DDBF608D-2F22-471D-868F-CA385F1D38C7}.Release|x64.ActiveCfg = Release|x64
		{DDBF608D-2F22-471D-868F-CA385F1D38C7}.Release|x64.Build.0 = Release|x64
		{DDBF608D-2F22-471D-868F-CA385F1D38C7}.Release|x86.ActiveCfg = Release|Win32
		{DDBF608D-2F22-471D-868F-CA385F1D38C7}.Release|x86.Build.0 = Release|Win32
		{0C848ADE-4172-45AD-8D2D-F690A3529BC5}.Debug|x64.ActiveCfg = Debug|x64
		{0C848ADE-4172-45AD-8D2D-F690A3529BC5}.Debug|x64.Build.0 = Debug|x64
		{0C848ADE-4172-45AD-8D2D-F690A3529BC5}.Debug|x86.ActiveCfg = Debug|Win32
		{0C848ADE-4172-45AD-8D2D-F690A3529BC5}.Debug|x86.Build.0 = Debug|Win32
		{0C848ADE-4172-45AD-8D2D-F690A3529BC5}.Release|x64.ActiveCfg = Release|x64
		{0C848ADE-4172-45AD-8D2D-F690A3529BC5}.Release|x64.Build.0 = Release|x64
		{0C848ADE-4172-45AD-8D2D-F690A3529BC5}.Release|x86.ActiveCfg = Release|Win32
		{0C848ADE-4172-45AD-8D2D-F690A3529BC5}.Release|x86.Build.0 = Release|Win32
		{BBF4DBFA-EF5C-4693-9254-E3652FB65E10}.Debug|x64.ActiveCfg = Debug|x64
		{BBF4DBFA-EF5C-4693-9254-E3652FB65E10}.Debug|x64.Build.0 = Debug|x64
		{BBF4DBFA-EF5C-4693-9254-E3652FB65E10}.Debug|x86.ActiveCfg = Debug|Win32
		{BBF4DBFA-EF5C-4693-9254-E3652FB65E10}.Debug|x86.Build.0 = Debug|Win32
		{BBF4DBFA-EF5C-4693-9254-E3652FB65E10}.Release|x64.ActiveCfg = Release|x64
		{BBF4DBFA-EF5C-4693-9254-E3652FB65E10}.Release|x64.Build.0 = Release|x64
		{BBF4DBFA-EF5C-4693-9254-E3652FB65E10}.Release|x86.ActiveCfg = Release|Win32
		{BBF4DBFA-EF5C-4693-9254-E3652FB65E10}.Release|x86.Build.0 = Release|Win32
		{D949BA74-7ED2-4CCA-820F-AF387B5F9FC3}.Debug|x64.ActiveCfg = Debug|x64
		{D949BA74-7ED2-4CCA-820F-AF387B5F9FC3}.Debug|x64.Build.0 = Debug|x64
		{D949BA74-7ED2-4CCA-820F-AF387B5F9FC3}.Debug|x86.ActiveCfg = Debug|Win32
		{D949BA74-7ED2-4CCA-820F-AF387B5F9FC3}.Debug|x86.Build.0 = Debug|Win32
		{D949BA74-7ED2-4CCA-820F-AF387B5F9FC3}.Release|x64.ActiveCfg = Release|x64
		{D949BA74-7ED2-4CCA-820F-AF387B5F9FC3}.Release|x64.Build.0 = Release|x64
		{D949BA74-7ED2-4CCA-820F-AF387B5F9FC3}.Release|x86.ActiveCfg = Release|Win32
		{D949BA74-7ED2-4CCA-820F-AF387B5F9FC3}.Release|x86.Build.0 = Release|Win32
	EndGlobalSection
	GlobalSection(SolutionProperties) = preSolution
		HideSolutionNode = FALSE
	EndGlobalSection
EndGlobal
