<?xml version="1.0" encoding="utf-8"?>
<Project ToolsVersion="4.0" xmlns="http://schemas.microsoft.com/developer/msbuild/2003">
  <ItemGroup>
    <Filter Include="Source Files">
      <UniqueIdentifier>{4FC737F1-C7A5-4376-A066-2A32D752A2FF}</UniqueIdentifier>
      <Extensions>cpp;c;cc;cxx;def;odl;idl;hpj;bat;asm;asmx</Extensions>
    </Filter>
    <Filter Include="Header Files">
      <UniqueIdentifier>{93995380-89BD-4b04-88EB-625FBE52EBFB}</UniqueIdentifier>
      <Extensions>h;hh;hpp;hxx;hm;inl;inc;xsd</Extensions>
    </Filter>
    <Filter Include="Resource Files">
      <UniqueIdentifier>{67DA6AB6-F800-4c08-8B7A-83BB121AAD01}</UniqueIdentifier>
      <Extensions>rc;ico;cur;bmp;dlg;rc2;rct;bin;rgs;gif;jpg;jpeg;jpe;resx;tiff;tif;png;wav;mfcribbon-ms</Extensions>
    </Filter>
    <Filter Include="Menu">
      <UniqueIdentifier>{5b3e8393-36b1-49e9-a1ba-a6f984801a9e}</UniqueIdentifier>
    </Filter>
    <Filter Include="Accelerator">
      <UniqueIdentifier>{50e4f597-1755-44d0-801b-a7a5a86d8e7b}</UniqueIdentifier>
    </Filter>
    <Filter Include="Control">
      <UniqueIdentifier>{4205abb0-c95e-40c4-adb4-e122885a0f16}</UniqueIdentifier>
    </Filter>
  </ItemGroup>
  <ItemGroup>
    <Text Include="ReadMe.txt" />
  </ItemGroup>
  <ItemGroup>
    <ClInclude Include="OwnDraw.h">
      <Filter>Header Files</Filter>
    </ClInclude>
    <ClInclude Include="OwnDrawDlg.h">
      <Filter>Header Files</Filter>
    </ClInclude>
    <ClInclude Include="stdafx.h">
      <Filter>Header Files</Filter>
    </ClInclude>
    <ClInclude Include="targetver.h">
      <Filter>Header Files</Filter>
    </ClInclude>
    <ClInclude Include="Resource.h">
      <Filter>Header Files</Filter>
    </ClInclude>
    <ClInclude Include="菜单笔记.h">
      <Filter>Menu</Filter>
    </ClInclude>
    <ClInclude Include="快捷键.h">
      <Filter>Accelerator</Filter>
    </ClInclude>
    <ClInclude Include="CustomMenu.h">
      <Filter>Menu</Filter>
    </ClInclude>
    <ClInclude Include="MyCommonDefine.h">
      <Filter>Header Files</Filter>
    </ClInclude>
    <ClInclude Include="UICfg.h">
      <Filter>Header Files</Filter>
    </ClInclude>
    <ClInclude Include="MyButton1.h">
      <Filter>Control</Filter>
    </ClInclude>
    <ClInclude Include="BaseDialog.h">
      <Filter>Control</Filter>
    </ClInclude>
    <ClInclude Include="MyCombo1.h">
      <Filter>Control</Filter>
    </ClInclude>
    <ClInclude Include="MyEdit1.h">
      <Filter>Control</Filter>
    </ClInclude>
    <ClInclude Include="MyListCtrl1.h">
      <Filter>Control</Filter>
    </ClInclude>
  </ItemGroup>
  <ItemGroup>
    <ClCompile Include="OwnDraw.cpp">
      <Filter>Source Files</Filter>
    </ClCompile>
    <ClCompile Include="OwnDrawDlg.cpp">
      <Filter>Source Files</Filter>
    </ClCompile>
    <ClCompile Include="stdafx.cpp">
      <Filter>Source Files</Filter>
    </ClCompile>
    <ClCompile Include="CustomMenu.cpp">
      <Filter>Menu</Filter>
    </ClCompile>
    <ClCompile Include="MyCommonDefine.cpp">
      <Filter>Source Files</Filter>
    </ClCompile>
    <ClCompile Include="UICfg.cpp">
      <Filter>Source Files</Filter>
    </ClCompile>
    <ClCompile Include="MyButton1.cpp">
      <Filter>Control</Filter>
    </ClCompile>
    <ClCompile Include="BaseDialog.cpp">
      <Filter>Control</Filter>
    </ClCompile>
    <ClCompile Include="MyCombo1.cpp">
      <Filter>Control</Filter>
    </ClCompile>
    <ClCompile Include="MyEdit1.cpp">
      <Filter>Control</Filter>
    </ClCompile>
    <ClCompile Include="MyListCtrl1.cpp">
      <Filter>Control</Filter>
    </ClCompile>
  </ItemGroup>
  <ItemGroup>
    <ResourceCompile Include="OwnDraw.rc">
      <Filter>Resource Files</Filter>
    </ResourceCompile>
  </ItemGroup>
  <ItemGroup>
    <None Include="res\OwnDraw.rc2">
      <Filter>Resource Files</Filter>
    </None>
  </ItemGroup>
  <ItemGroup>
    <Image Include="res\OwnDraw.ico">
      <Filter>Resource Files</Filter>
    </Image>
  </ItemGroup>
</Project>